// !$*UTF8*$!
{
	archiveVersion = 1;
	classes = {
	};
	objectVersion = 46;
	objects = {

/* Begin PBXBuildFile section */
		87FBB5141D810C9C0043418B /* main.m in Sources */ = {isa = PBXBuildFile; fileRef = 87FBB5131D810C9C0043418B /* main.m */; };
		87FBB5171D810C9C0043418B /* AppDelegate.m in Sources */ = {isa = PBXBuildFile; fileRef = 87FBB5161D810C9C0043418B /* AppDelegate.m */; };
		87FBB51A1D810C9C0043418B /* ViewController.m in Sources */ = {isa = PBXBuildFile; fileRef = 87FBB5191D810C9C0043418B /* ViewController.m */; };
		87FBB51D1D810C9C0043418B /* Main.storyboard in Resources */ = {isa = PBXBuildFile; fileRef = 87FBB51B1D810C9C0043418B /* Main.storyboard */; };
		87FBB51F1D810C9C0043418B /* Assets.xcassets in Resources */ = {isa = PBXBuildFile; fileRef = 87FBB51E1D810C9C0043418B /* Assets.xcassets */; };
		87FBB5221D810C9C0043418B /* LaunchScreen.storyboard in Resources */ = {isa = PBXBuildFile; fileRef = 87FBB5201D810C9C0043418B /* LaunchScreen.storyboard */; };
		87FBB52D1D810C9D0043418B /* Masonry__API__Tests.m in Sources */ = {isa = PBXBuildFile; fileRef = 87FBB52C1D810C9D0043418B /* Masonry__API__Tests.m */; };
		87FBB5381D810C9D0043418B /* Masonry__API__UITests.m in Sources */ = {isa = PBXBuildFile; fileRef = 87FBB5371D810C9D0043418B /* Masonry__API__UITests.m */; };
		87FBB5471D812CF10043418B /* BaseViewController.m in Sources */ = {isa = PBXBuildFile; fileRef = 87FBB5461D812CF10043418B /* BaseViewController.m */; };
		87FBB5521D8134350043418B /* HFBasciViewController.m in Sources */ = {isa = PBXBuildFile; fileRef = 87FBB5511D8134350043418B /* HFBasciViewController.m */; };
		87FBB5551D8148250043418B /* HFUpdataViewController.m in Sources */ = {isa = PBXBuildFile; fileRef = 87FBB5541D8148250043418B /* HFUpdataViewController.m */; };
		87FBB5581D814E310043418B /* HFUseArrCreatLyaoutViewController.m in Sources */ = {isa = PBXBuildFile; fileRef = 87FBB5571D814E310043418B /* HFUseArrCreatLyaoutViewController.m */; };
		87FBB55B1D815E530043418B /* HFRemarkViewController.m in Sources */ = {isa = PBXBuildFile; fileRef = 87FBB55A1D815E530043418B /* HFRemarkViewController.m */; };
		97041914403967A0601308EB /* libPods-Masonry所有API学习Tests.a in Frameworks */ = {isa = PBXBuildFile; fileRef = 57916EFAE25A9F01A288CD82 /* libPods-Masonry所有API学习Tests.a */; };
		B88836FA2A5A0AB5D5BB0009 /* libPods-Masonry所有API学习.a in Frameworks */ = {isa = PBXBuildFile; fileRef = 152ACC29FD3A3BF30AC18174 /* libPods-Masonry所有API学习.a */; };
		CDE4C775EF0AEBF227F5F195 /* libPods-Masonry所有API学习UITests.a in Frameworks */ = {isa = PBXBuildFile; fileRef = A51B4DA17781973F89C3342B /* libPods-Masonry所有API学习UITests.a */; };
/* End PBXBuildFile section */

/* Begin PBXContainerItemProxy section */
		87FBB5291D810C9D0043418B /* PBXContainerItemProxy */ = {
			isa = PBXContainerItemProxy;
			containerPortal = 87FBB5071D810C9C0043418B /* Project object */;
			proxyType = 1;
			remoteGlobalIDString = 87FBB50E1D810C9C0043418B;
			remoteInfo = "Masonry所有API学习";
		};
		87FBB5341D810C9D0043418B /* PBXContainerItemProxy */ = {
			isa = PBXContainerItemProxy;
			containerPortal = 87FBB5071D810C9C0043418B /* Project object */;
			proxyType = 1;
			remoteGlobalIDString = 87FBB50E1D810C9C0043418B;
			remoteInfo = "Masonry所有API学习";
		};
/* End PBXContainerItemProxy section */

/* Begin PBXFileReference section */
		152ACC29FD3A3BF30AC18174 /* libPods-Masonry所有API学习.a */ = {isa = PBXFileReference; explicitFileType = archive.ar; includeInIndex = 0; path = "libPods-Masonry所有API学习.a"; sourceTree = BUILT_PRODUCTS_DIR; };
		218B4EFF938C279CEA7AEB95 /* Pods-Masonry所有API学习.debug.xcconfig */ = {isa = PBXFileReference; includeInIndex = 1; lastKnownFileType = text.xcconfig; name = "Pods-Masonry所有API学习.debug.xcconfig"; path = "Pods/Target Support Files/Pods-Masonry所有API学习/Pods-Masonry所有API学习.debug.xcconfig"; sourceTree = "<group>"; };
		42868FDB9CFE28CCB757CE1F /* Pods-Masonry所有API学习.release.xcconfig */ = {isa = PBXFileReference; includeInIndex = 1; lastKnownFileType = text.xcconfig; name = "Pods-Masonry所有API学习.release.xcconfig"; path = "Pods/Target Support Files/Pods-Masonry所有API学习/Pods-Masonry所有API学习.release.xcconfig"; sourceTree = "<group>"; };
		57916EFAE25A9F01A288CD82 /* libPods-Masonry所有API学习Tests.a */ = {isa = PBXFileReference; explicitFileType = archive.ar; includeInIndex = 0; path = "libPods-Masonry所有API学习Tests.a"; sourceTree = BUILT_PRODUCTS_DIR; };
		69C857CCF1FAF5BEAE0F1E0C /* Pods-Masonry所有API学习UITests.release.xcconfig */ = {isa = PBXFileReference; includeInIndex = 1; lastKnownFileType = text.xcconfig; name = "Pods-Masonry所有API学习UITests.release.xcconfig"; path = "Pods/Target Support Files/Pods-Masonry所有API学习UITests/Pods-Masonry所有API学习UITests.release.xcconfig"; sourceTree = "<group>"; };
		702D001C194E733ED38F6666 /* Pods-Masonry所有API学习Tests.release.xcconfig */ = {isa = PBXFileReference; includeInIndex = 1; lastKnownFileType = text.xcconfig; name = "Pods-Masonry所有API学习Tests.release.xcconfig"; path = "Pods/Target Support Files/Pods-Masonry所有API学习Tests/Pods-Masonry所有API学习Tests.release.xcconfig"; sourceTree = "<group>"; };
		773B17F04B2B550036C80850 /* Pods-Masonry所有API学习Tests.debug.xcconfig */ = {isa = PBXFileReference; includeInIndex = 1; lastKnownFileType = text.xcconfig; name = "Pods-Masonry所有API学习Tests.debug.xcconfig"; path = "Pods/Target Support Files/Pods-Masonry所有API学习Tests/Pods-Masonry所有API学习Tests.debug.xcconfig"; sourceTree = "<group>"; };
		87FBB50F1D810C9C0043418B /* Masonry所有API学习.app */ = {isa = PBXFileReference; explicitFileType = wrapper.application; includeInIndex = 0; path = "Masonry所有API学习.app"; sourceTree = BUILT_PRODUCTS_DIR; };
		87FBB5131D810C9C0043418B /* main.m */ = {isa = PBXFileReference; lastKnownFileType = sourcecode.c.objc; path = main.m; sourceTree = "<group>"; };
		87FBB5151D810C9C0043418B /* AppDelegate.h */ = {isa = PBXFileReference; lastKnownFileType = sourcecode.c.h; path = AppDelegate.h; sourceTree = "<group>"; };
		87FBB5161D810C9C0043418B /* AppDelegate.m */ = {isa = PBXFileReference; lastKnownFileType = sourcecode.c.objc; path = AppDelegate.m; sourceTree = "<group>"; };
		87FBB5181D810C9C0043418B /* ViewController.h */ = {isa = PBXFileReference; lastKnownFileType = sourcecode.c.h; path = ViewController.h; sourceTree = "<group>"; };
		87FBB5191D810C9C0043418B /* ViewController.m */ = {isa = PBXFileReference; lastKnownFileType = sourcecode.c.objc; path = ViewController.m; sourceTree = "<group>"; };
		87FBB51C1D810C9C0043418B /* Base */ = {isa = PBXFileReference; lastKnownFileType = file.storyboard; name = Base; path = Base.lproj/Main.storyboard; sourceTree = "<group>"; };
		87FBB51E1D810C9C0043418B /* Assets.xcassets */ = {isa = PBXFileReference; lastKnownFileType = folder.assetcatalog; path = Assets.xcassets; sourceTree = "<group>"; };
		87FBB5211D810C9C0043418B /* Base */ = {isa = PBXFileReference; lastKnownFileType = file.storyboard; name = Base; path = Base.lproj/LaunchScreen.storyboard; sourceTree = "<group>"; };
		87FBB5231D810C9C0043418B /* Info.plist */ = {isa = PBXFileReference; lastKnownFileType = text.plist.xml; path = Info.plist; sourceTree = "<group>"; };
		87FBB5281D810C9D0043418B /* Masonry所有API学习Tests.xctest */ = {isa = PBXFileReference; explicitFileType = wrapper.cfbundle; includeInIndex = 0; path = "Masonry所有API学习Tests.xctest"; sourceTree = BUILT_PRODUCTS_DIR; };
		87FBB52C1D810C9D0043418B /* Masonry__API__Tests.m */ = {isa = PBXFileReference; lastKnownFileType = sourcecode.c.objc; path = Masonry__API__Tests.m; sourceTree = "<group>"; };
		87FBB52E1D810C9D0043418B /* Info.plist */ = {isa = PBXFileReference; lastKnownFileType = text.plist.xml; path = Info.plist; sourceTree = "<group>"; };
		87FBB5331D810C9D0043418B /* Masonry所有API学习UITests.xctest */ = {isa = PBXFileReference; explicitFileType = wrapper.cfbundle; includeInIndex = 0; path = "Masonry所有API学习UITests.xctest"; sourceTree = BUILT_PRODUCTS_DIR; };
		87FBB5371D810C9D0043418B /* Masonry__API__UITests.m */ = {isa = PBXFileReference; lastKnownFileType = sourcecode.c.objc; path = Masonry__API__UITests.m; sourceTree = "<group>"; };
		87FBB5391D810C9D0043418B /* Info.plist */ = {isa = PBXFileReference; lastKnownFileType = text.plist.xml; path = Info.plist; sourceTree = "<group>"; };
		87FBB5451D812CF10043418B /* BaseViewController.h */ = {isa = PBXFileReference; fileEncoding = 4; lastKnownFileType = sourcecode.c.h; path = BaseViewController.h; sourceTree = "<group>"; };
		87FBB5461D812CF10043418B /* BaseViewController.m */ = {isa = PBXFileReference; fileEncoding = 4; lastKnownFileType = sourcecode.c.objc; path = BaseViewController.m; sourceTree = "<group>"; };
		87FBB54A1D812E410043418B /* TargetPractice.pch */ = {isa = PBXFileReference; lastKnownFileType = sourcecode.c.h; path = TargetPractice.pch; sourceTree = "<group>"; };
		87FBB5501D8134350043418B /* HFBasciViewController.h */ = {isa = PBXFileReference; fileEncoding = 4; lastKnownFileType = sourcecode.c.h; path = HFBasciViewController.h; sourceTree = "<group>"; };
		87FBB5511D8134350043418B /* HFBasciViewController.m */ = {isa = PBXFileReference; fileEncoding = 4; lastKnownFileType = sourcecode.c.objc; path = HFBasciViewController.m; sourceTree = "<group>"; };
		87FBB5531D8148250043418B /* HFUpdataViewController.h */ = {isa = PBXFileReference; fileEncoding = 4; lastKnownFileType = sourcecode.c.h; path = HFUpdataViewController.h; sourceTree = "<group>"; };
		87FBB5541D8148250043418B /* HFUpdataViewController.m */ = {isa = PBXFileReference; fileEncoding = 4; lastKnownFileType = sourcecode.c.objc; path = HFUpdataViewController.m; sourceTree = "<group>"; };
		87FBB5561D814E310043418B /* HFUseArrCreatLyaoutViewController.h */ = {isa = PBXFileReference; fileEncoding = 4; lastKnownFileType = sourcecode.c.h; path = HFUseArrCreatLyaoutViewController.h; sourceTree = "<group>"; };
		87FBB5571D814E310043418B /* HFUseArrCreatLyaoutViewController.m */ = {isa = PBXFileReference; fileEncoding = 4; lastKnownFileType = sourcecode.c.objc; path = HFUseArrCreatLyaoutViewController.m; sourceTree = "<group>"; };
		87FBB5591D815E530043418B /* HFRemarkViewController.h */ = {isa = PBXFileReference; fileEncoding = 4; lastKnownFileType = sourcecode.c.h; path = HFRemarkViewController.h; sourceTree = "<group>"; };
		87FBB55A1D815E530043418B /* HFRemarkViewController.m */ = {isa = PBXFileReference; fileEncoding = 4; lastKnownFileType = sourcecode.c.objc; path = HFRemarkViewController.m; sourceTree = "<group>"; };
		A51B4DA17781973F89C3342B /* libPods-Masonry所有API学习UITests.a */ = {isa = PBXFileReference; explicitFileType = archive.ar; includeInIndex = 0; path = "libPods-Masonry所有API学习UITests.a"; sourceTree = BUILT_PRODUCTS_DIR; };
		E85CAD9832240AFD77DDE394 /* Pods-Masonry所有API学习UITests.debug.xcconfig */ = {isa = PBXFileReference; includeInIndex = 1; lastKnownFileType = text.xcconfig; name = "Pods-Masonry所有API学习UITests.debug.xcconfig"; path = "Pods/Target Support Files/Pods-Masonry所有API学习UITests/Pods-Masonry所有API学习UITests.debug.xcconfig"; sourceTree = "<group>"; };
/* End PBXFileReference section */

/* Begin PBXFrameworksBuildPhase section */
		87FBB50C1D810C9C0043418B /* Frameworks */ = {
			isa = PBXFrameworksBuildPhase;
			buildActionMask = 2147483647;
			files = (
				B88836FA2A5A0AB5D5BB0009 /* libPods-Masonry所有API学习.a in Frameworks */,
			);
			runOnlyForDeploymentPostprocessing = 0;
		};
		87FBB5251D810C9D0043418B /* Frameworks */ = {
			isa = PBXFrameworksBuildPhase;
			buildActionMask = 2147483647;
			files = (
				97041914403967A0601308EB /* libPods-Masonry所有API学习Tests.a in Frameworks */,
			);
			runOnlyForDeploymentPostprocessing = 0;
		};
		87FBB5301D810C9D0043418B /* Frameworks */ = {
			isa = PBXFrameworksBuildPhase;
			buildActionMask = 2147483647;
			files = (
				CDE4C775EF0AEBF227F5F195 /* libPods-Masonry所有API学习UITests.a in Frameworks */,
			);
			runOnlyForDeploymentPostprocessing = 0;
		};
/* End PBXFrameworksBuildPhase section */

/* Begin PBXGroup section */
		0614B4EACD7E6A0F248EDA3B /* Pods */ = {
			isa = PBXGroup;
			children = (
				218B4EFF938C279CEA7AEB95 /* Pods-Masonry所有API学习.debug.xcconfig */,
				42868FDB9CFE28CCB757CE1F /* Pods-Masonry所有API学习.release.xcconfig */,
				773B17F04B2B550036C80850 /* Pods-Masonry所有API学习Tests.debug.xcconfig */,
				702D001C194E733ED38F6666 /* Pods-Masonry所有API学习Tests.release.xcconfig */,
				E85CAD9832240AFD77DDE394 /* Pods-Masonry所有API学习UITests.debug.xcconfig */,
				69C857CCF1FAF5BEAE0F1E0C /* Pods-Masonry所有API学习UITests.release.xcconfig */,
			);
			name = Pods;
			sourceTree = "<group>";
		};
		87FBB5061D810C9C0043418B = {
			isa = PBXGroup;
			children = (
				87FBB5111D810C9C0043418B /* Masonry所有API学习 */,
				87FBB52B1D810C9D0043418B /* Masonry所有API学习Tests */,
				87FBB5361D810C9D0043418B /* Masonry所有API学习UITests */,
				87FBB5101D810C9C0043418B /* Products */,
				0614B4EACD7E6A0F248EDA3B /* Pods */,
				8894F788B9B7AE4446BBFF1C /* Frameworks */,
			);
			sourceTree = "<group>";
		};
		87FBB5101D810C9C0043418B /* Products */ = {
			isa = PBXGroup;
			children = (
				87FBB50F1D810C9C0043418B /* Masonry所有API学习.app */,
				87FBB5281D810C9D0043418B /* Masonry所有API学习Tests.xctest */,
				87FBB5331D810C9D0043418B /* Masonry所有API学习UITests.xctest */,
			);
			name = Products;
			sourceTree = "<group>";
		};
		87FBB5111D810C9C0043418B /* Masonry所有API学习 */ = {
			isa = PBXGroup;
			children = (
				87FBB54F1D8133E20043418B /* Classes */,
				87FBB54B1D812F7A0043418B /* Base */,
				87FBB5491D812DE50043418B /* Comman */,
				87FBB5481D812DB20043418B /* Other */,
				87FBB5151D810C9C0043418B /* AppDelegate.h */,
				87FBB5161D810C9C0043418B /* AppDelegate.m */,
				87FBB5181D810C9C0043418B /* ViewController.h */,
				87FBB5191D810C9C0043418B /* ViewController.m */,
				87FBB5121D810C9C0043418B /* Supporting Files */,
			);
			path = "Masonry所有API学习";
			sourceTree = "<group>";
		};
		87FBB5121D810C9C0043418B /* Supporting Files */ = {
			isa = PBXGroup;
			children = (
				87FBB5131D810C9C0043418B /* main.m */,
			);
			name = "Supporting Files";
			sourceTree = "<group>";
		};
		87FBB52B1D810C9D0043418B /* Masonry所有API学习Tests */ = {
			isa = PBXGroup;
			children = (
				87FBB52C1D810C9D0043418B /* Masonry__API__Tests.m */,
				87FBB52E1D810C9D0043418B /* Info.plist */,
			);
			path = "Masonry所有API学习Tests";
			sourceTree = "<group>";
		};
		87FBB5361D810C9D0043418B /* Masonry所有API学习UITests */ = {
			isa = PBXGroup;
			children = (
				87FBB5371D810C9D0043418B /* Masonry__API__UITests.m */,
				87FBB5391D810C9D0043418B /* Info.plist */,
			);
			path = "Masonry所有API学习UITests";
			sourceTree = "<group>";
		};
		87FBB5481D812DB20043418B /* Other */ = {
			isa = PBXGroup;
			children = (
				87FBB51B1D810C9C0043418B /* Main.storyboard */,
				87FBB51E1D810C9C0043418B /* Assets.xcassets */,
				87FBB5201D810C9C0043418B /* LaunchScreen.storyboard */,
				87FBB5231D810C9C0043418B /* Info.plist */,
			);
			name = Other;
			sourceTree = "<group>";
		};
		87FBB5491D812DE50043418B /* Comman */ = {
			isa = PBXGroup;
			children = (
				87FBB54A1D812E410043418B /* TargetPractice.pch */,
			);
			name = Comman;
			sourceTree = "<group>";
		};
		87FBB54B1D812F7A0043418B /* Base */ = {
			isa = PBXGroup;
			children = (
				87FBB5451D812CF10043418B /* BaseViewController.h */,
				87FBB5461D812CF10043418B /* BaseViewController.m */,
			);
			name = Base;
			sourceTree = "<group>";
		};
		87FBB54F1D8133E20043418B /* Classes */ = {
			isa = PBXGroup;
			children = (
				87FBB5501D8134350043418B /* HFBasciViewController.h */,
				87FBB5511D8134350043418B /* HFBasciViewController.m */,
				87FBB5531D8148250043418B /* HFUpdataViewController.h */,
				87FBB5541D8148250043418B /* HFUpdataViewController.m */,
				87FBB5561D814E310043418B /* HFUseArrCreatLyaoutViewController.h */,
				87FBB5571D814E310043418B /* HFUseArrCreatLyaoutViewController.m */,
				87FBB5591D815E530043418B /* HFRemarkViewController.h */,
				87FBB55A1D815E530043418B /* HFRemarkViewController.m */,
			);
			name = Classes;
			sourceTree = "<group>";
		};
		8894F788B9B7AE4446BBFF1C /* Frameworks */ = {
			isa = PBXGroup;
			children = (
				152ACC29FD3A3BF30AC18174 /* libPods-Masonry所有API学习.a */,
				57916EFAE25A9F01A288CD82 /* libPods-Masonry所有API学习Tests.a */,
				A51B4DA17781973F89C3342B /* libPods-Masonry所有API学习UITests.a */,
			);
			name = Frameworks;
			sourceTree = "<group>";
		};
/* End PBXGroup section */

/* Begin PBXNativeTarget section */
		87FBB50E1D810C9C0043418B /* Masonry所有API学习 */ = {
			isa = PBXNativeTarget;
			buildConfigurationList = 87FBB53C1D810C9D0043418B /* Build configuration list for PBXNativeTarget "Masonry所有API学习" */;
			buildPhases = (
				4FEFA3B55193C25451F0E963 /* [CP] Check Pods Manifest.lock */,
				87FBB50B1D810C9C0043418B /* Sources */,
				87FBB50C1D810C9C0043418B /* Frameworks */,
				87FBB50D1D810C9C0043418B /* Resources */,
				E5B8B091209990099F2E850B /* [CP] Embed Pods Frameworks */,
				9EEBFC13555EB482AC6BE35E /* [CP] Copy Pods Resources */,
			);
			buildRules = (
			);
			dependencies = (
			);
			name = "Masonry所有API学习";
			productName = "Masonry所有API学习";
			productReference = 87FBB50F1D810C9C0043418B /* Masonry所有API学习.app */;
			productType = "com.apple.product-type.application";
		};
		87FBB5271D810C9D0043418B /* Masonry所有API学习Tests */ = {
			isa = PBXNativeTarget;
			buildConfigurationList = 87FBB53F1D810C9D0043418B /* Build configuration list for PBXNativeTarget "Masonry所有API学习Tests" */;
			buildPhases = (
				E0A89CEC5C8D57EF10EF4A13 /* [CP] Check Pods Manifest.lock */,
				87FBB5241D810C9D0043418B /* Sources */,
				87FBB5251D810C9D0043418B /* Frameworks */,
				87FBB5261D810C9D0043418B /* Resources */,
				15F7F252D9F7261CA3547079 /* [CP] Embed Pods Frameworks */,
				CD6B7A31DAA334DEF60C981C /* [CP] Copy Pods Resources */,
			);
			buildRules = (
			);
			dependencies = (
				87FBB52A1D810C9D0043418B /* PBXTargetDependency */,
			);
			name = "Masonry所有API学习Tests";
			productName = "Masonry所有API学习Tests";
			productReference = 87FBB5281D810C9D0043418B /* Masonry所有API学习Tests.xctest */;
			productType = "com.apple.product-type.bundle.unit-test";
		};
		87FBB5321D810C9D0043418B /* Masonry所有API学习UITests */ = {
			isa = PBXNativeTarget;
			buildConfigurationList = 87FBB5421D810C9D0043418B /* Build configuration list for PBXNativeTarget "Masonry所有API学习UITests" */;
			buildPhases = (
				910A4F3820C193208B2538E0 /* [CP] Check Pods Manifest.lock */,
				87FBB52F1D810C9D0043418B /* Sources */,
				87FBB5301D810C9D0043418B /* Frameworks */,
				87FBB5311D810C9D0043418B /* Resources */,
				2696A1EB9D09244FB282AFA3 /* [CP] Copy Pods Resources */,
			);
			buildRules = (
			);
			dependencies = (
				87FBB5351D810C9D0043418B /* PBXTargetDependency */,
			);
			name = "Masonry所有API学习UITests";
			productName = "Masonry所有API学习UITests";
			productReference = 87FBB5331D810C9D0043418B /* Masonry所有API学习UITests.xctest */;
			productType = "com.apple.product-type.bundle.ui-testing";
		};
/* End PBXNativeTarget section */

/* Begin PBXProject section */
		87FBB5071D810C9C0043418B /* Project object */ = {
			isa = PBXProject;
			attributes = {
				CLASSPREFIX = HF;
				LastUpgradeCheck = 0720;
				ORGANIZATIONNAME = dahuangfeng;
				TargetAttributes = {
					87FBB50E1D810C9C0043418B = {
						CreatedOnToolsVersion = 7.2.1;
					};
					87FBB5271D810C9D0043418B = {
						CreatedOnToolsVersion = 7.2.1;
						TestTargetID = 87FBB50E1D810C9C0043418B;
					};
					87FBB5321D810C9D0043418B = {
						CreatedOnToolsVersion = 7.2.1;
						TestTargetID = 87FBB50E1D810C9C0043418B;
					};
				};
			};
			buildConfigurationList = 87FBB50A1D810C9C0043418B /* Build configuration list for PBXProject "Masonry所有API学习" */;
			compatibilityVersion = "Xcode 3.2";
			developmentRegion = English;
			hasScannedForEncodings = 0;
			knownRegions = (
				en,
				Base,
			);
			mainGroup = 87FBB5061D810C9C0043418B;
			productRefGroup = 87FBB5101D810C9C0043418B /* Products */;
			projectDirPath = "";
			projectRoot = "";
			targets = (
				87FBB50E1D810C9C0043418B /* Masonry所有API学习 */,
				87FBB5271D810C9D0043418B /* Masonry所有API学习Tests */,
				87FBB5321D810C9D0043418B /* Masonry所有API学习UITests */,
			);
		};
/* End PBXProject section */

/* Begin PBXResourcesBuildPhase section */
		87FBB50D1D810C9C0043418B /* Resources */ = {
			isa = PBXResourcesBuildPhase;
			buildActionMask = 2147483647;
			files = (
				87FBB5221D810C9C0043418B /* LaunchScreen.storyboard in Resources */,
				87FBB51F1D810C9C0043418B /* Assets.xcassets in Resources */,
				87FBB51D1D810C9C0043418B /* Main.storyboard in Resources */,
			);
			runOnlyForDeploymentPostprocessing = 0;
		};
		87FBB5261D810C9D0043418B /* Resources */ = {
			isa = PBXResourcesBuildPhase;
			buildActionMask = 2147483647;
			files = (
			);
			runOnlyForDeploymentPostprocessing = 0;
		};
		87FBB5311D810C9D0043418B /* Resources */ = {
			isa = PBXResourcesBuildPhase;
			buildActionMask = 2147483647;
			files = (
			);
			runOnlyForDeploymentPostprocessing = 0;
		};
/* End PBXResourcesBuildPhase section */

/* Begin PBXShellScriptBuildPhase section */
		15F7F252D9F7261CA3547079 /* [CP] Embed Pods Frameworks */ = {
			isa = PBXShellScriptBuildPhase;
			buildActionMask = 2147483647;
			files = (
			);
			inputPaths = (
			);
			name = "[CP] Embed Pods Frameworks";
			outputPaths = (
			);
			runOnlyForDeploymentPostprocessing = 0;
			shellPath = /bin/sh;
			shellScript = "\"${SRCROOT}/Pods/Target Support Files/Pods-Masonry所有API学习Tests/Pods-Masonry所有API学习Tests-frameworks.sh\"\n";
			showEnvVarsInLog = 0;
		};
		2696A1EB9D09244FB282AFA3 /* [CP] Copy Pods Resources */ = {
			isa = PBXShellScriptBuildPhase;
			buildActionMask = 2147483647;
			files = (
			);
			inputPaths = (
			);
			name = "[CP] Copy Pods Resources";
			outputPaths = (
			);
			runOnlyForDeploymentPostprocessing = 0;
			shellPath = /bin/sh;
			shellScript = "\"${SRCROOT}/Pods/Target Support Files/Pods-Masonry所有API学习UITests/Pods-Masonry所有API学习UITests-resources.sh\"\n";
			showEnvVarsInLog = 0;
		};
		4FEFA3B55193C25451F0E963 /* [CP] Check Pods Manifest.lock */ = {
			isa = PBXShellScriptBuildPhase;
			buildActionMask = 2147483647;
			files = (
			);
			inputPaths = (
			);
			name = "[CP] Check Pods Manifest.lock";
			outputPaths = (
			);
			runOnlyForDeploymentPostprocessing = 0;
			shellPath = /bin/sh;
			shellScript = "diff \"${PODS_ROOT}/../Podfile.lock\" \"${PODS_ROOT}/Manifest.lock\" > /dev/null\nif [[ $? != 0 ]] ; then\n    cat << EOM\nerror: The sandbox is not in sync with the Podfile.lock. Run 'pod install' or update your CocoaPods installation.\nEOM\n    exit 1\nfi\n";
			showEnvVarsInLog = 0;
		};
		910A4F3820C193208B2538E0 /* [CP] Check Pods Manifest.lock */ = {
			isa = PBXShellScriptBuildPhase;
			buildActionMask = 2147483647;
			files = (
			);
			inputPaths = (
			);
			name = "[CP] Check Pods Manifest.lock";
			outputPaths = (
			);
			runOnlyForDeploymentPostprocessing = 0;
			shellPath = /bin/sh;
			shellScript = "diff \"${PODS_ROOT}/../Podfile.lock\" \"${PODS_ROOT}/Manifest.lock\" > /dev/null\nif [[ $? != 0 ]] ; then\n    cat << EOM\nerror: The sandbox is not in sync with the Podfile.lock. Run 'pod install' or update your CocoaPods installation.\nEOM\n    exit 1\nfi\n";
			showEnvVarsInLog = 0;
		};
		9EEBFC13555EB482AC6BE35E /* [CP] Copy Pods Resources */ = {
			isa = PBXShellScriptBuildPhase;
			buildActionMask = 2147483647;
			files = (
			);
			inputPaths = (
			);
			name = "[CP] Copy Pods Resources";
			outputPaths = (
			);
			runOnlyForDeploymentPostprocessing = 0;
			shellPath = /bin/sh;
			shellScript = "\"${SRCROOT}/Pods/Target Support Files/Pods-Masonry所有API学习/Pods-Masonry所有API学习-resources.sh\"\n";
			showEnvVarsInLog = 0;
		};
		CD6B7A31DAA334DEF60C981C /* [CP] Copy Pods Resources */ = {
			isa = PBXShellScriptBuildPhase;
			buildActionMask = 2147483647;
			files = (
			);
			inputPaths = (
			);
			name = "[CP] Copy Pods Resources";
			outputPaths = (
			);
			runOnlyForDeploymentPostprocessing = 0;
			shellPath = /bin/sh;
			shellScript = "\"${SRCROOT}/Pods/Target Support Files/Pods-Masonry所有API学习Tests/Pods-Masonry所有API学习Tests-resources.sh\"\n";
			showEnvVarsInLog = 0;
		};
		E0A89CEC5C8D57EF10EF4A13 /* [CP] Check Pods Manifest.lock */ = {
			isa = PBXShellScriptBuildPhase;
			buildActionMask = 2147483647;
			files = (
			);
			inputPaths = (
			);
			name = "[CP] Check Pods Manifest.lock";
			outputPaths = (
			);
			runOnlyForDeploymentPostprocessing = 0;
			shellPath = /bin/sh;
			shellScript = "diff \"${PODS_ROOT}/../Podfile.lock\" \"${PODS_ROOT}/Manifest.lock\" > /dev/null\nif [[ $? != 0 ]] ; then\n    cat << EOM\nerror: The sandbox is not in sync with the Podfile.lock. Run 'pod install' or update your CocoaPods installation.\nEOM\n    exit 1\nfi\n";
			showEnvVarsInLog = 0;
		};
		E5B8B091209990099F2E850B /* [CP] Embed Pods Frameworks */ = {
			isa = PBXShellScriptBuildPhase;
			buildActionMask = 2147483647;
			files = (
			);
			inputPaths = (
			);
			name = "[CP] Embed Pods Frameworks";
			outputPaths = (
			);
			runOnlyForDeploymentPostprocessing = 0;
			shellPath = /bin/sh;
			shellScript = "\"${SRCROOT}/Pods/Target Support Files/Pods-Masonry所有API学习/Pods-Masonry所有API学习-frameworks.sh\"\n";
			showEnvVarsInLog = 0;
		};
/* End PBXShellScriptBuildPhase section */

/* Begin PBXSourcesBuildPhase section */
		87FBB50B1D810C9C0043418B /* Sources */ = {
			isa = PBXSourcesBuildPhase;
			buildActionMask = 2147483647;
			files = (
				87FBB5581D814E310043418B /* HFUseArrCreatLyaoutViewController.m in Sources */,
				87FBB51A1D810C9C0043418B /* ViewController.m in Sources */,
				87FBB55B1D815E530043418B /* HFRemarkViewController.m in Sources */,
				87FBB5551D8148250043418B /* HFUpdataViewController.m in Sources */,
				87FBB5521D8134350043418B /* HFBasciViewController.m in Sources */,
				87FBB5471D812CF10043418B /* BaseViewController.m in Sources */,
				87FBB5171D810C9C0043418B /* AppDelegate.m in Sources */,
				87FBB5141D810C9C0043418B /* main.m in Sources */,
			);
			runOnlyForDeploymentPostprocessing = 0;
		};
		87FBB5241D810C9D0043418B /* Sources */ = {
			isa = PBXSourcesBuildPhase;
			buildActionMask = 2147483647;
			files = (
				87FBB52D1D810C9D0043418B /* Masonry__API__Tests.m in Sources */,
			);
			runOnlyForDeploymentPostprocessing = 0;
		};
		87FBB52F1D810C9D0043418B /* Sources */ = {
			isa = PBXSourcesBuildPhase;
			buildActionMask = 2147483647;
			files = (
				87FBB5381D810C9D0043418B /* Masonry__API__UITests.m in Sources */,
			);
			runOnlyForDeploymentPostprocessing = 0;
		};
/* End PBXSourcesBuildPhase section */

/* Begin PBXTargetDependency section */
		87FBB52A1D810C9D0043418B /* PBXTargetDependency */ = {
			isa = PBXTargetDependency;
			target = 87FBB50E1D810C9C0043418B /* Masonry所有API学习 */;
			targetProxy = 87FBB5291D810C9D0043418B /* PBXContainerItemProxy */;
		};
		87FBB5351D810C9D0043418B /* PBXTargetDependency */ = {
			isa = PBXTargetDependency;
			target = 87FBB50E1D810C9C0043418B /* Masonry所有API学习 */;
			targetProxy = 87FBB5341D810C9D0043418B /* PBXContainerItemProxy */;
		};
/* End PBXTargetDependency section */

/* Begin PBXVariantGroup section */
		87FBB51B1D810C9C0043418B /* Main.storyboard */ = {
			isa = PBXVariantGroup;
			children = (
				87FBB51C1D810C9C0043418B /* Base */,
			);
			name = Main.storyboard;
			sourceTree = "<group>";
		};
		87FBB5201D810C9C0043418B /* LaunchScreen.storyboard */ = {
			isa = PBXVariantGroup;
			children = (
				87FBB5211D810C9C0043418B /* Base */,
			);
			name = LaunchScreen.storyboard;
			sourceTree = "<group>";
		};
/* End PBXVariantGroup section */

/* Begin XCBuildConfiguration section */
		87FBB53A1D810C9D0043418B /* Debug */ = {
			isa = XCBuildConfiguration;
			buildSettings = {
				ALWAYS_SEARCH_USER_PATHS = NO;
				CLANG_CXX_LANGUAGE_STANDARD = "gnu++0x";
				CLANG_CXX_LIBRARY = "libc++";
				CLANG_ENABLE_MODULES = YES;
				CLANG_ENABLE_OBJC_ARC = YES;
				CLANG_WARN_BOOL_CONVERSION = YES;
				CLANG_WARN_CONSTANT_CONVERSION = YES;
				CLANG_WARN_DIRECT_OBJC_ISA_USAGE = YES_ERROR;
				CLANG_WARN_EMPTY_BODY = YES;
				CLANG_WARN_ENUM_CONVERSION = YES;
				CLANG_WARN_INT_CONVERSION = YES;
				CLANG_WARN_OBJC_ROOT_CLASS = YES_ERROR;
				CLANG_WARN_UNREACHABLE_CODE = YES;
				CLANG_WARN__DUPLICATE_METHOD_MATCH = YES;
				"CODE_SIGN_IDENTITY[sdk=iphoneos*]" = "iPhone Developer";
				COPY_PHASE_STRIP = NO;
				DEBUG_INFORMATION_FORMAT = dwarf;
				ENABLE_STRICT_OBJC_MSGSEND = YES;
				ENABLE_TESTABILITY = YES;
				GCC_C_LANGUAGE_STANDARD = gnu99;
				GCC_DYNAMIC_NO_PIC = NO;
				GCC_NO_COMMON_BLOCKS = YES;
				GCC_OPTIMIZATION_LEVEL = 0;
				GCC_PREPROCESSOR_DEFINITIONS = (
					"DEBUG=1",
					"$(inherited)",
				);
				GCC_WARN_64_TO_32_BIT_CONVERSION = YES;
				GCC_WARN_ABOUT_RETURN_TYPE = YES_ERROR;
				GCC_WARN_UNDECLARED_SELECTOR = YES;
				GCC_WARN_UNINITIALIZED_AUTOS = YES_AGGRESSIVE;
				GCC_WARN_UNUSED_FUNCTION = YES;
				GCC_WARN_UNUSED_VARIABLE = YES;
				IPHONEOS_DEPLOYMENT_TARGET = 9.2;
				MTL_ENABLE_DEBUG_INFO = YES;
				ONLY_ACTIVE_ARCH = YES;
				SDKROOT = iphoneos;
				TARGETED_DEVICE_FAMILY = "1,2";
			};
			name = Debug;
		};
		87FBB53B1D810C9D0043418B /* Release */ = {
			isa = XCBuildConfiguration;
			buildSettings = {
				ALWAYS_SEARCH_USER_PATHS = NO;
				CLANG_CXX_LANGUAGE_STANDARD = "gnu++0x";
				CLANG_CXX_LIBRARY = "libc++";
				CLANG_ENABLE_MODULES = YES;
				CLANG_ENABLE_OBJC_ARC = YES;
				CLANG_WARN_BOOL_CONVERSION = YES;
				CLANG_WARN_CONSTANT_CONVERSION = YES;
				CLANG_WARN_DIRECT_OBJC_ISA_USAGE = YES_ERROR;
				CLANG_WARN_EMPTY_BODY = YES;
				CLANG_WARN_ENUM_CONVERSION = YES;
				CLANG_WARN_INT_CONVERSION = YES;
				CLANG_WARN_OBJC_ROOT_CLASS = YES_ERROR;
				CLANG_WARN_UNREACHABLE_CODE = YES;
				CLANG_WARN__DUPLICATE_METHOD_MATCH = YES;
				"CODE_SIGN_IDENTITY[sdk=iphoneos*]" = "iPhone Developer";
				COPY_PHASE_STRIP = NO;
				DEBUG_INFORMATION_FORMAT = "dwarf-with-dsym";
				ENABLE_NS_ASSERTIONS = NO;
				ENABLE_STRICT_OBJC_MSGSEND = YES;
				GCC_C_LANGUAGE_STANDARD = gnu99;
				GCC_NO_COMMON_BLOCKS = YES;
				GCC_WARN_64_TO_32_BIT_CONVERSION = YES;
				GCC_WARN_ABOUT_RETURN_TYPE = YES_ERROR;
				GCC_WARN_UNDECLARED_SELECTOR = YES;
				GCC_WARN_UNINITIALIZED_AUTOS = YES_AGGRESSIVE;
				GCC_WARN_UNUSED_FUNCTION = YES;
				GCC_WARN_UNUSED_VARIABLE = YES;
				IPHONEOS_DEPLOYMENT_TARGET = 9.2;
				MTL_ENABLE_DEBUG_INFO = NO;
				SDKROOT = iphoneos;
				TARGETED_DEVICE_FAMILY = "1,2";
				VALIDATE_PRODUCT = YES;
			};
			name = Release;
		};
		87FBB53D1D810C9D0043418B /* Debug */ = {
			isa = XCBuildConfiguration;
			baseConfigurationReference = 218B4EFF938C279CEA7AEB95 /* Pods-Masonry所有API学习.debug.xcconfig */;
			buildSettings = {
				ASSETCATALOG_COMPILER_APPICON_NAME = AppIcon;
				GCC_PREFIX_HEADER = "Masonry所有API学习/TargetPractice.pch";
				INFOPLIST_FILE = "Masonry所有API学习/Info.plist";
				LD_RUNPATH_SEARCH_PATHS = "$(inherited) @executable_path/Frameworks";
				PRODUCT_BUNDLE_IDENTIFIER = "com.dahuangfeng.Masonry--API--";
				PRODUCT_NAME = "$(TARGET_NAME)";
			};
			name = Debug;
		};
		87FBB53E1D810C9D0043418B /* Release */ = {
			isa = XCBuildConfiguration;
			baseConfigurationReference = 42868FDB9CFE28CCB757CE1F /* Pods-Masonry所有API学习.release.xcconfig */;
			buildSettings = {
				ASSETCATALOG_COMPILER_APPICON_NAME = AppIcon;
				GCC_PREFIX_HEADER = "Masonry所有API学习/TargetPractice.pch";
				INFOPLIST_FILE = "Masonry所有API学习/Info.plist";
				LD_RUNPATH_SEARCH_PATHS = "$(inherited) @executable_path/Frameworks";
				PRODUCT_BUNDLE_IDENTIFIER = "com.dahuangfeng.Masonry--API--";
				PRODUCT_NAME = "$(TARGET_NAME)";
			};
			name = Release;
		};
		87FBB5401D810C9D0043418B /* Debug */ = {
			isa = XCBuildConfiguration;
			baseConfigurationReference = 773B17F04B2B550036C80850 /* Pods-Masonry所有API学习Tests.debug.xcconfig */;
			buildSettings = {
				BUNDLE_LOADER = "$(TEST_HOST)";
				INFOPLIST_FILE = "Masonry所有API学习Tests/Info.plist";
				LD_RUNPATH_SEARCH_PATHS = "$(inherited) @executable_path/Frameworks @loader_path/Frameworks";
				PRODUCT_BUNDLE_IDENTIFIER = "com.dahuangfeng.Masonry--API--Tests";
				PRODUCT_NAME = "$(TARGET_NAME)";
				TEST_HOST = "$(BUILT_PRODUCTS_DIR)/Masonry所有API学习.app/Masonry所有API学习";
			};
			name = Debug;
		};
		87FBB5411D810C9D0043418B /* Release */ = {
			isa = XCBuildConfiguration;
			baseConfigurationReference = 702D001C194E733ED38F6666 /* Pods-Masonry所有API学习Tests.release.xcconfig */;
			buildSettings = {
				BUNDLE_LOADER = "$(TEST_HOST)";
				INFOPLIST_FILE = "Masonry所有API学习Tests/Info.plist";
				LD_RUNPATH_SEARCH_PATHS = "$(inherited) @executable_path/Frameworks @loader_path/Frameworks";
				PRODUCT_BUNDLE_IDENTIFIER = "com.dahuangfeng.Masonry--API--Tests";
				PRODUCT_NAME = "$(TARGET_NAME)";
				TEST_HOST = "$(BUILT_PRODUCTS_DIR)/Masonry所有API学习.app/Masonry所有API学习";
			};
			name = Release;
		};
		87FBB5431D810C9D0043418B /* Debug */ = {
			isa = XCBuildConfiguration;
			baseConfigurationReference = E85CAD9832240AFD77DDE394 /* Pods-Masonry所有API学习UITests.debug.xcconfig */;
			buildSettings = {
				INFOPLIST_FILE = "Masonry所有API学习UITests/Info.plist";
				LD_RUNPATH_SEARCH_PATHS = "$(inherited) @executable_path/Frameworks @loader_path/Frameworks";
				PRODUCT_BUNDLE_IDENTIFIER = "com.dahuangfeng.Masonry--API--UITests";
				PRODUCT_NAME = "$(TARGET_NAME)";
				TEST_TARGET_NAME = "Masonry所有API学习";
				USES_XCTRUNNER = YES;
			};
			name = Debug;
		};
		87FBB5441D810C9D0043418B /* Release */ = {
			isa = XCBuildConfiguration;
			baseConfigurationReference = 69C857CCF1FAF5BEAE0F1E0C /* Pods-Masonry所有API学习UITests.release.xcconfig */;
			buildSettings = {
				INFOPLIST_FILE = "Masonry所有API学习UITests/Info.plist";
				LD_RUNPATH_SEARCH_PATHS = "$(inherited) @executable_path/Frameworks @loader_path/Frameworks";
				PRODUCT_BUNDLE_IDENTIFIER = "com.dahuangfeng.Masonry--API--UITests";
				PRODUCT_NAME = "$(TARGET_NAME)";
				TEST_TARGET_NAME = "Masonry所有API学习";
				USES_XCTRUNNER = YES;
			};
			name = Release;
		};
/* End XCBuildConfiguration section */

/* Begin XCConfigurationList section */
		87FBB50A1D810C9C0043418B /* Build configuration list for PBXProject "Masonry所有API学习" */ = {
			isa = XCConfigurationList;
			buildConfigurations = (
				87FBB53A1D810C9D0043418B /* Debug */,
				87FBB53B1D810C9D0043418B /* Release */,
			);
			defaultConfigurationIsVisible = 0;
			defaultConfigurationName = Release;
		};
		87FBB53C1D810C9D0043418B /* Build configuration list for PBXNativeTarget "Masonry所有API学习" */ = {
			isa = XCConfigurationList;
			buildConfigurations = (
				87FBB53D1D810C9D0043418B /* Debug */,
				87FBB53E1D810C9D0043418B /* Release */,
			);
			defaultConfigurationIsVisible = 0;
			defaultConfigurationName = Release;
		};
		87FBB53F1D810C9D0043418B /* Build configuration list for PBXNativeTarget "Masonry所有API学习Tests" */ = {
			isa = XCConfigurationList;
			buildConfigurations = (
				87FBB5401D810C9D0043418B /* Debug */,
				87FBB5411D810C9D0043418B /* Release */,
			);
			defaultConfigurationIsVisible = 0;
			defaultConfigurationName = Release;
		};
		87FBB5421D810C9D0043418B /* Build configuration list for PBXNativeTarget "Masonry所有API学习UITests" */ = {
			isa = XCConfigurationList;
			buildConfigurations = (
				87FBB5431D810C9D0043418B /* Debug */,
				87FBB5441D810C9D0043418B /* Release */,
			);
			defaultConfigurationIsVisible = 0;
			defaultConfigurationName = Release;
		};
/* End XCConfigurationList section */
	};
	rootObject = 87FBB5071D810C9C0043418B /* Project object */;
}
